{
  "originHash" : "62a2dc7682132820b3dd29e81d2604663da5b7529450b89904dadd7480272f30",
  "pins" : [
    {
      "identity" : "mlx-swift",
      "kind" : "remoteSourceControl",
      "location" : "https://github.com/ml-explore/mlx-swift.git",
      "state" : {
        "revision" : "19601207e9a0de51e03ee6ec0c3c5f3784275075",
        "version" : "0.32.3"
      }
    },
    {
      "identity" : "mlx-swift-lm",
      "kind" : "remoteSourceControl",
      "location" : "https://github.com/ml-explore/mlx-swift-lm.git",
      "state" : {
        "revision" : "3b339ad6e3b3f44c8121ecff5131c7fd55e075e6",
        "version" : "3.32.3"
      }
    },
    {
      "identity" : "swift-numerics",
      "kind" : "remoteSourceControl",
      "location" : "https://github.com/apple/swift-numerics",
      "state" : {
        "revision" : "0c0290ff6b24942dadb83a929ffaaa1481df04a2",
        "version" : "1.1.1"
      }
    },
    {
      "identity" : "swift-syntax",
      "kind" : "remoteSourceControl",
      "location" : "https://github.com/swiftlang/swift-syntax.git",
      "state" : {
        "revision" : "79e4b74a295b6eb74a8b585e3a39d29e70c1dbd1",
        "version" : "603.0.2"
      }
    }
  ],
  "version" : 3
}
